
Microsoft Visual Studio Solution File, Format Version 12.00
# Visual Studio Version 17
VisualStudioVersion = 17.1.32319.34
MinimumVisualStudioVersion = 10.0.40219.1
Project("{FAE04EC0-301F-11D3-BF4B-00C04F79EFBC}") = "Practice", "Practice\Practice.csproj", "{923D3FA1-B451-4143-AED2-F6013D73FA8E}"
EndProject
Global
	GlobalSection(SolutionConfigurationPlatforms) = preSolution
		Debug|Any CPU = Debug|Any CPU
		Release|Any CPU = Release|Any CPU
	EndGlobalSection
	GlobalSection(ProjectConfigurationPlatforms) = postSolution
		{923D3FA1-B451-4143-AED2-F6013D73FA8E}.Debug|Any CPU.ActiveCfg = Debug|Any CPU
		{923D3FA1-B451-4143-AED2-F6013D73FA8E}.Debug|Any CPU.Build.0 = Debug|Any CPU
		{923D3FA1-B451-4143-AED2-F6013D73FA8E}.Release|Any CPU.ActiveCfg = Release|Any CPU
		{923D3FA1-B451-4143-AED2-F6013D73FA8E}.Release|Any CPU.Build.0 = Release|Any CPU
	EndGlobalSection
	GlobalSection(SolutionProperties) = preSolution
		HideSolutionNode = FALSE
	EndGlobalSection
	GlobalSection(ExtensibilityGlobals) = postSolution
		SolutionGuid = {8692F463-DD55-4413-8D8A-C2979E232C5F}
	EndGlobalSection
EndGlobal
